
Microsoft Visual Studio Solution File, Format Version 12.00
# Visual Studio 15
VisualStudioVersion = 15.0.28010.2016
MinimumVisualStudioVersion = 10.0.40219.1
Project("{FAE04EC0-301F-11D3-BF4B-00C04F79EFBC}") = "TamagotchiGraphicalGame", "TamagotchiGraphicalGame\TamagotchiGraphicalGame.csproj", "{136269A1-3285-4FD4-8065-F8615C9D41DC}"
EndProject
Global
	GlobalSection(SolutionConfigurationPlatforms) = preSolution
		Debug|Any CPU = Debug|Any CPU
		Release|Any CPU = Release|Any CPU
	EndGlobalSection
	GlobalSection(ProjectConfigurationPlatforms) = postSolution
		{136269A1-3285-4FD4-8065-F8615C9D41DC}.Debug|Any CPU.ActiveCfg = Debug|Any CPU
		{136269A1-3285-4FD4-8065-F8615C9D41DC}.Debug|Any CPU.Build.0 = Debug|Any CPU
		{136269A1-3285-4FD4-8065-F8615C9D41DC}.Release|Any CPU.ActiveCfg = Release|Any CPU
		{136269A1-3285-4FD4-8065-F8615C9D41DC}.Release|Any CPU.Build.0 = Release|Any CPU
	EndGlobalSection
	GlobalSection(SolutionProperties) = preSolution
		HideSolutionNode = FALSE
	EndGlobalSection
	GlobalSection(ExtensibilityGlobals) = postSolution
		SolutionGuid = {1ABBFD07-B1C3-4F3B-8E03-61768E687654}
	EndGlobalSection
EndGlobal
